{
  "name": "tvt-breaking-contact",
  "version": "0.0.3",
  "lockfileVersion": 1,
  "requires": true,
  "dependencies": {
    "grad-customGear": {
      "version": "https://registry.npmjs.org/grad-customGear/-/grad-customGear-2.0.0.tgz",
      "integrity": "sha1-QIfJESRZ4RWGVR6BVedqv8Qnfew="
    },
    "grad-fortifications": {
      "version": "0.3.6",
      "resolved": "https://registry.npmjs.org/grad-fortifications/-/grad-fortifications-0.3.6.tgz",
      "integrity": "sha1-Y3l8eavb4RGS9yR1D8Z/Xl95EhQ="
    },
    "grad-loadout": {
      "version": "4.7.0",
      "resolved": "https://registry.npmjs.org/grad-loadout/-/grad-loadout-4.7.0.tgz",
      "integrity": "sha512-ucYJuqZwNErvlvpSZjHDneNYCAYXwR99QlRTV1B5RK8QYUBmJlU5l/Dec3bQmBPiXwbuEYJSmEIIIUM8Ez71ow=="
    },
    "grad_replay": {
      "version": "github:gruppe-adler/grad_replay#2a989cfc9407f218a135725711dd9e503b96c0d1"
    },
    "shk_pos": {
      "version": "github:gruppe-adler/shk_pos#65c30a1e4d08ecd23cb85b0b96c7410d7c66415d"
    }
  }
}
