{
  "name": "tvt-breaking-contact",
  "version": "0.0.3",
  "lockfileVersion": 1,
  "requires": true,
  "dependencies": {
    "grad-customGear": {
      "version": "https://registry.npmjs.org/grad-customGear/-/grad-customGear-2.0.0.tgz",
      "integrity": "sha1-QIfJESRZ4RWGVR6BVedqv8Qnfew="
    },
    "grad-fortifications": {
      "version": "https://registry.npmjs.org/grad-fortifications/-/grad-fortifications-0.3.0.tgz",
      "integrity": "sha1-DabCR/ayYyfSWbF4f2PmwnpMk6w="
    },
    "grad-loadout": {
      "version": "https://registry.npmjs.org/grad-loadout/-/grad-loadout-4.6.0.tgz",
      "integrity": "sha1-xMYRzIV7idkz9m9Q4QiKIHEB0qE="
    },
    "grad_replay": {
      "version": "git://github.com/gruppe-adler/grad_replay.git#53f3cb7b37c0cb2750af54d5a48f8171396873e9"
    },
    "shk_pos": {
      "version": "git://github.com/gruppe-adler/shk_pos.git#65c30a1e4d08ecd23cb85b0b96c7410d7c66415d"
    }
  }
}
